
Microsoft Visual Studio Solution File, Format Version 12.00
# Visual Studio 15
Project("{FAE04EC0-301F-11D3-BF4B-00C04F79EFBC}") = "TimeFlame", "Assembly-CSharp.csproj", "{5B21BD7B-5089-5AD0-0F80-87C2F5EB43E5}"
EndProject
Project("{FAE04EC0-301F-11D3-BF4B-00C04F79EFBC}") = "TimeFlame", "Assembly-CSharp-Editor.csproj", "{9625F961-BE67-B19A-E34F-4F485BD50431}"
EndProject
Global
	GlobalSection(SolutionConfigurationPlatforms) = preSolution
		Debug|Any CPU = Debug|Any CPU
		Release|Any CPU = Release|Any CPU
	EndGlobalSection
	GlobalSection(ProjectConfigurationPlatforms) = postSolution
		{5B21BD7B-5089-5AD0-0F80-87C2F5EB43E5}.Debug|Any CPU.ActiveCfg = Debug|Any CPU
		{5B21BD7B-5089-5AD0-0F80-87C2F5EB43E5}.Debug|Any CPU.Build.0 = Debug|Any CPU
		{5B21BD7B-5089-5AD0-0F80-87C2F5EB43E5}.Release|Any CPU.ActiveCfg = Release|Any CPU
		{5B21BD7B-5089-5AD0-0F80-87C2F5EB43E5}.Release|Any CPU.Build.0 = Release|Any CPU
		{9625F961-BE67-B19A-E34F-4F485BD50431}.Debug|Any CPU.ActiveCfg = Debug|Any CPU
		{9625F961-BE67-B19A-E34F-4F485BD50431}.Debug|Any CPU.Build.0 = Debug|Any CPU
		{9625F961-BE67-B19A-E34F-4F485BD50431}.Release|Any CPU.ActiveCfg = Release|Any CPU
		{9625F961-BE67-B19A-E34F-4F485BD50431}.Release|Any CPU.Build.0 = Release|Any CPU
	EndGlobalSection
	GlobalSection(SolutionProperties) = preSolution
		HideSolutionNode = FALSE
	EndGlobalSection
EndGlobal
